
Microsoft Visual Studio Solution File, Format Version 12.00
# Visual Studio Version 16
VisualStudioVersion = 16.0.29201.188
MinimumVisualStudioVersion = 10.0.40219.1
Project("{FAE04EC0-301F-11D3-BF4B-00C04F79EFBC}") = "NotificationApp", "NotificationApp\NotificationApp.csproj", "{AFBCA70C-A606-4270-B9DC-C8DC33A5B386}"
	ProjectSection(ProjectDependencies) = postProject
		{01B6EDBB-12C0-4AEA-A90E-4AA79D104FF5} = {01B6EDBB-12C0-4AEA-A90E-4AA79D104FF5}
	EndProjectSection
EndProject
Project("{FAE04EC0-301F-11D3-BF4B-00C04F79EFBC}") = "JuegoCromy", "JuegoCromy\JuegoCromy.csproj", "{01B6EDBB-12C0-4AEA-A90E-4AA79D104FF5}"
EndProject
Project("{FAE04EC0-301F-11D3-BF4B-00C04F79EFBC}") = "JuegoTests", "JuegoTests\JuegoTests.csproj", "{D72E69DE-BED1-459C-AE1F-B23B27937376}"
EndProject
Global
	GlobalSection(SolutionConfigurationPlatforms) = preSolution
		Debug|Any CPU = Debug|Any CPU
		Debug|x64 = Debug|x64
		Release|Any CPU = Release|Any CPU
		Release|x64 = Release|x64
	EndGlobalSection
	GlobalSection(ProjectConfigurationPlatforms) = postSolution
		{AFBCA70C-A606-4270-B9DC-C8DC33A5B386}.Debug|Any CPU.ActiveCfg = Debug|Any CPU
		{AFBCA70C-A606-4270-B9DC-C8DC33A5B386}.Debug|Any CPU.Build.0 = Debug|Any CPU
		{AFBCA70C-A606-4270-B9DC-C8DC33A5B386}.Debug|x64.ActiveCfg = Debug|Any CPU
		{AFBCA70C-A606-4270-B9DC-C8DC33A5B386}.Debug|x64.Build.0 = Debug|Any CPU
		{AFBCA70C-A606-4270-B9DC-C8DC33A5B386}.Release|Any CPU.ActiveCfg = Release|Any CPU
		{AFBCA70C-A606-4270-B9DC-C8DC33A5B386}.Release|Any CPU.Build.0 = Release|Any CPU
		{AFBCA70C-A606-4270-B9DC-C8DC33A5B386}.Release|x64.ActiveCfg = Release|Any CPU
		{AFBCA70C-A606-4270-B9DC-C8DC33A5B386}.Release|x64.Build.0 = Release|Any CPU
		{01B6EDBB-12C0-4AEA-A90E-4AA79D104FF5}.Debug|Any CPU.ActiveCfg = Debug|Any CPU
		{01B6EDBB-12C0-4AEA-A90E-4AA79D104FF5}.Debug|Any CPU.Build.0 = Debug|Any CPU
		{01B6EDBB-12C0-4AEA-A90E-4AA79D104FF5}.Debug|x64.ActiveCfg = Debug|x64
		{01B6EDBB-12C0-4AEA-A90E-4AA79D104FF5}.Debug|x64.Build.0 = Debug|x64
		{01B6EDBB-12C0-4AEA-A90E-4AA79D104FF5}.Release|Any CPU.ActiveCfg = Release|Any CPU
		{01B6EDBB-12C0-4AEA-A90E-4AA79D104FF5}.Release|Any CPU.Build.0 = Release|Any CPU
		{01B6EDBB-12C0-4AEA-A90E-4AA79D104FF5}.Release|x64.ActiveCfg = Release|x64
		{01B6EDBB-12C0-4AEA-A90E-4AA79D104FF5}.Release|x64.Build.0 = Release|x64
		{D72E69DE-BED1-459C-AE1F-B23B27937376}.Debug|Any CPU.ActiveCfg = Debug|Any CPU
		{D72E69DE-BED1-459C-AE1F-B23B27937376}.Debug|Any CPU.Build.0 = Debug|Any CPU
		{D72E69DE-BED1-459C-AE1F-B23B27937376}.Debug|x64.ActiveCfg = Debug|Any CPU
		{D72E69DE-BED1-459C-AE1F-B23B27937376}.Debug|x64.Build.0 = Debug|Any CPU
		{D72E69DE-BED1-459C-AE1F-B23B27937376}.Release|Any CPU.ActiveCfg = Release|Any CPU
		{D72E69DE-BED1-459C-AE1F-B23B27937376}.Release|Any CPU.Build.0 = Release|Any CPU
		{D72E69DE-BED1-459C-AE1F-B23B27937376}.Release|x64.ActiveCfg = Release|Any CPU
		{D72E69DE-BED1-459C-AE1F-B23B27937376}.Release|x64.Build.0 = Release|Any CPU
	EndGlobalSection
	GlobalSection(SolutionProperties) = preSolution
		HideSolutionNode = FALSE
	EndGlobalSection
	GlobalSection(ExtensibilityGlobals) = postSolution
		SolutionGuid = {D86E3F2A-D6C7-45E2-A4D3-813CEAEF71B5}
	EndGlobalSection
EndGlobal
